
Microsoft Visual Studio Solution File, Format Version 11.00
# Visual Studio 2010
Project("{FAE04EC0-301F-11D3-BF4B-00C04F79EFBC}") = "Spartacus", "Spartacus\Spartacus.csproj", "{A8064BFE-DDEC-4DE2-82C4-EE36348ACBA8}"
EndProject
Project("{2150E333-8FDC-42A3-9474-1A3956D46DE8}") = "Solution Items", "Solution Items", "{A6B3B502-44BD-4559-B508-410CD8E8C1FF}"
	ProjectSection(SolutionItems) = preProject
		THIRDPARTIES.txt = THIRDPARTIES.txt
		LICENSE.txt = LICENSE.txt
		README.md = README.md
		CHANGELOG.txt = CHANGELOG.txt
	EndProjectSection
EndProject
Project("{2150E333-8FDC-42A3-9474-1A3956D46DE8}") = "Tools", "Tools", "{C18F2187-EA7E-420E-88E0-86822852E26B}"
EndProject
Project("{FAE04EC0-301F-11D3-BF4B-00C04F79EFBC}") = "ReportManager", "Tools\ReportManager\ReportManager.csproj", "{BD2B4BE0-DF80-43DB-97A6-19B94F2BBAC5}"
EndProject
Project("{FAE04EC0-301F-11D3-BF4B-00C04F79EFBC}") = "Cryptor", "Tools\Cryptor\Cryptor.csproj", "{E6BCB8AC-7A6C-4DC5-8989-27D1908B923E}"
EndProject
Project("{FAE04EC0-301F-11D3-BF4B-00C04F79EFBC}") = "Pong", "Tools\Pong\Pong.csproj", "{C74FAFBD-42D9-4A11-A366-DEBA8F6735E6}"
EndProject
Project("{FAE04EC0-301F-11D3-BF4B-00C04F79EFBC}") = "OverLord", "Tools\OverLord\OverLord.csproj", "{AD387A59-0878-4894-8A7D-7CA28410B134}"
EndProject
Project("{FAE04EC0-301F-11D3-BF4B-00C04F79EFBC}") = "SpartacusMin", "SpartacusMin\SpartacusMin.csproj", "{73C72C02-280A-4856-9448-1F5ACA8DB125}"
EndProject
Project("{FAE04EC0-301F-11D3-BF4B-00C04F79EFBC}") = "WebServer", "Tools\WebServer\WebServer.csproj", "{50C2FEA2-16CA-4A34-841C-4104493C1A22}"
EndProject
Global
	GlobalSection(SolutionConfigurationPlatforms) = preSolution
		Debug|Any CPU = Debug|Any CPU
		Release|Any CPU = Release|Any CPU
	EndGlobalSection
	GlobalSection(ProjectConfigurationPlatforms) = postSolution
		{A8064BFE-DDEC-4DE2-82C4-EE36348ACBA8}.Debug|Any CPU.ActiveCfg = Debug|Any CPU
		{A8064BFE-DDEC-4DE2-82C4-EE36348ACBA8}.Debug|Any CPU.Build.0 = Debug|Any CPU
		{A8064BFE-DDEC-4DE2-82C4-EE36348ACBA8}.Release|Any CPU.ActiveCfg = Release|Any CPU
		{A8064BFE-DDEC-4DE2-82C4-EE36348ACBA8}.Release|Any CPU.Build.0 = Release|Any CPU
		{BD2B4BE0-DF80-43DB-97A6-19B94F2BBAC5}.Debug|Any CPU.ActiveCfg = Debug|Any CPU
		{BD2B4BE0-DF80-43DB-97A6-19B94F2BBAC5}.Debug|Any CPU.Build.0 = Debug|Any CPU
		{BD2B4BE0-DF80-43DB-97A6-19B94F2BBAC5}.Release|Any CPU.ActiveCfg = Release|Any CPU
		{BD2B4BE0-DF80-43DB-97A6-19B94F2BBAC5}.Release|Any CPU.Build.0 = Release|Any CPU
		{C74FAFBD-42D9-4A11-A366-DEBA8F6735E6}.Debug|Any CPU.ActiveCfg = Debug|Any CPU
		{C74FAFBD-42D9-4A11-A366-DEBA8F6735E6}.Debug|Any CPU.Build.0 = Debug|Any CPU
		{C74FAFBD-42D9-4A11-A366-DEBA8F6735E6}.Release|Any CPU.ActiveCfg = Release|Any CPU
		{C74FAFBD-42D9-4A11-A366-DEBA8F6735E6}.Release|Any CPU.Build.0 = Release|Any CPU
		{E6BCB8AC-7A6C-4DC5-8989-27D1908B923E}.Debug|Any CPU.ActiveCfg = Debug|Any CPU
		{E6BCB8AC-7A6C-4DC5-8989-27D1908B923E}.Debug|Any CPU.Build.0 = Debug|Any CPU
		{E6BCB8AC-7A6C-4DC5-8989-27D1908B923E}.Release|Any CPU.ActiveCfg = Release|Any CPU
		{E6BCB8AC-7A6C-4DC5-8989-27D1908B923E}.Release|Any CPU.Build.0 = Release|Any CPU
		{AD387A59-0878-4894-8A7D-7CA28410B134}.Debug|Any CPU.ActiveCfg = Debug|Any CPU
		{AD387A59-0878-4894-8A7D-7CA28410B134}.Debug|Any CPU.Build.0 = Debug|Any CPU
		{AD387A59-0878-4894-8A7D-7CA28410B134}.Release|Any CPU.ActiveCfg = Release|Any CPU
		{AD387A59-0878-4894-8A7D-7CA28410B134}.Release|Any CPU.Build.0 = Release|Any CPU
		{73C72C02-280A-4856-9448-1F5ACA8DB125}.Debug|Any CPU.ActiveCfg = Debug|Any CPU
		{73C72C02-280A-4856-9448-1F5ACA8DB125}.Debug|Any CPU.Build.0 = Debug|Any CPU
		{73C72C02-280A-4856-9448-1F5ACA8DB125}.Release|Any CPU.ActiveCfg = Release|Any CPU
		{73C72C02-280A-4856-9448-1F5ACA8DB125}.Release|Any CPU.Build.0 = Release|Any CPU
		{50C2FEA2-16CA-4A34-841C-4104493C1A22}.Debug|Any CPU.ActiveCfg = Debug|Any CPU
		{50C2FEA2-16CA-4A34-841C-4104493C1A22}.Debug|Any CPU.Build.0 = Debug|Any CPU
		{50C2FEA2-16CA-4A34-841C-4104493C1A22}.Release|Any CPU.ActiveCfg = Release|Any CPU
		{50C2FEA2-16CA-4A34-841C-4104493C1A22}.Release|Any CPU.Build.0 = Release|Any CPU
	EndGlobalSection
	GlobalSection(NestedProjects) = preSolution
		{BD2B4BE0-DF80-43DB-97A6-19B94F2BBAC5} = {C18F2187-EA7E-420E-88E0-86822852E26B}
		{E6BCB8AC-7A6C-4DC5-8989-27D1908B923E} = {C18F2187-EA7E-420E-88E0-86822852E26B}
		{C74FAFBD-42D9-4A11-A366-DEBA8F6735E6} = {C18F2187-EA7E-420E-88E0-86822852E26B}
		{AD387A59-0878-4894-8A7D-7CA28410B134} = {C18F2187-EA7E-420E-88E0-86822852E26B}
		{50C2FEA2-16CA-4A34-841C-4104493C1A22} = {C18F2187-EA7E-420E-88E0-86822852E26B}
	EndGlobalSection
	GlobalSection(MonoDevelopProperties) = preSolution
		version = 
	EndGlobalSection
EndGlobal
