
Microsoft Visual Studio Solution File, Format Version 11.00
# Visual Studio 2010
Project("{FAE04EC0-301F-11D3-BF4B-00C04F79EFBC}") = "Spartacus", "Spartacus\Spartacus.csproj", "{A8064BFE-DDEC-4DE2-82C4-EE36348ACBA8}"
EndProject
Global
	GlobalSection(SolutionConfigurationPlatforms) = preSolution
		Debug|Any CPU = Debug|Any CPU
		Release|Any CPU = Release|Any CPU
	EndGlobalSection
	GlobalSection(ProjectConfigurationPlatforms) = postSolution
		{A8064BFE-DDEC-4DE2-82C4-EE36348ACBA8}.Debug|Any CPU.ActiveCfg = Debug|Any CPU
		{A8064BFE-DDEC-4DE2-82C4-EE36348ACBA8}.Debug|Any CPU.Build.0 = Debug|Any CPU
		{A8064BFE-DDEC-4DE2-82C4-EE36348ACBA8}.Release|Any CPU.ActiveCfg = Release|Any CPU
		{A8064BFE-DDEC-4DE2-82C4-EE36348ACBA8}.Release|Any CPU.Build.0 = Release|Any CPU
	EndGlobalSection
EndGlobal
